
Microsoft Visual Studio Solution File, Format Version 12.00
# Visual Studio Version 17
VisualStudioVersion = 17.4.33213.308
MinimumVisualStudioVersion = 10.0.40219.1
Project("{FAE04EC0-301F-11D3-BF4B-00C04F79EFBC}") = "Robworld.ProcessSimulate.CECommands", "Robworld.ProcessSimulate.Commands\Robworld.ProcessSimulate.CECommands.csproj", "{9868C446-D88A-4DB0-A0FC-23DE5EF97D01}"
EndProject
Project("{FAE04EC0-301F-11D3-BF4B-00C04F79EFBC}") = "Robworld.ProcessSimulate.Library", "Robworld.ProcessSimulate.Library\Robworld.ProcessSimulate.Library.csproj", "{2B0C7D94-5390-4573-8A0A-94D05B40F368}"
EndProject
Project("{FAE04EC0-301F-11D3-BF4B-00C04F79EFBC}") = "Robworld.ProcessSimulate.Resources", "Robworld.ProcessSimulate.Resources\Robworld.ProcessSimulate.Resources.csproj", "{C4690DCD-1B21-440C-B912-09334126968D}"
EndProject
Project("{FAE04EC0-301F-11D3-BF4B-00C04F79EFBC}") = "Robworld.ProcessSimulate.Viewers", "Robworld.ProcessSimulate.Viewers\Robworld.ProcessSimulate.Viewers.csproj", "{BACD2D07-064A-4C39-BD77-838F4F5A7585}"
EndProject
Project("{2150E333-8FDC-42A3-9474-1A3956D46DE8}") = "Solution Items", "Solution Items", "{1743CFD3-F80C-47E1-890D-FE957E35DF64}"
	ProjectSection(SolutionItems) = preProject
		Resources\RobworldToolboxCE.xml = Resources\RobworldToolboxCE.xml
	EndProjectSection
EndProject
Global
	GlobalSection(SolutionConfigurationPlatforms) = preSolution
		Tx150D|Any CPU = Tx150D|Any CPU
		Tx150D|x64 = Tx150D|x64
		Tx150R|Any CPU = Tx150R|Any CPU
		Tx150R|x64 = Tx150R|x64
		Tx151D|Any CPU = Tx151D|Any CPU
		Tx151D|x64 = Tx151D|x64
		Tx151R|Any CPU = Tx151R|Any CPU
		Tx151R|x64 = Tx151R|x64
		Tx160D|Any CPU = Tx160D|Any CPU
		Tx160D|x64 = Tx160D|x64
		Tx160R|Any CPU = Tx160R|Any CPU
		Tx160R|x64 = Tx160R|x64
		Tx161D|Any CPU = Tx161D|Any CPU
		Tx161D|x64 = Tx161D|x64
		Tx161R|Any CPU = Tx161R|Any CPU
		Tx161R|x64 = Tx161R|x64
		Tx170D|Any CPU = Tx170D|Any CPU
		Tx170D|x64 = Tx170D|x64
		Tx170R|Any CPU = Tx170R|Any CPU
		Tx170R|x64 = Tx170R|x64
	EndGlobalSection
	GlobalSection(ProjectConfigurationPlatforms) = postSolution
		{9868C446-D88A-4DB0-A0FC-23DE5EF97D01}.Tx150D|Any CPU.ActiveCfg = Tx150D|Any CPU
		{9868C446-D88A-4DB0-A0FC-23DE5EF97D01}.Tx150D|Any CPU.Build.0 = Tx150D|Any CPU
		{9868C446-D88A-4DB0-A0FC-23DE5EF97D01}.Tx150D|x64.ActiveCfg = Tx150D|x64
		{9868C446-D88A-4DB0-A0FC-23DE5EF97D01}.Tx150D|x64.Build.0 = Tx150D|x64
		{9868C446-D88A-4DB0-A0FC-23DE5EF97D01}.Tx150R|Any CPU.ActiveCfg = Tx150R|Any CPU
		{9868C446-D88A-4DB0-A0FC-23DE5EF97D01}.Tx150R|Any CPU.Build.0 = Tx150R|Any CPU
		{9868C446-D88A-4DB0-A0FC-23DE5EF97D01}.Tx150R|x64.ActiveCfg = Tx150R|x64
		{9868C446-D88A-4DB0-A0FC-23DE5EF97D01}.Tx150R|x64.Build.0 = Tx150R|x64
		{9868C446-D88A-4DB0-A0FC-23DE5EF97D01}.Tx151D|Any CPU.ActiveCfg = Tx151D|Any CPU
		{9868C446-D88A-4DB0-A0FC-23DE5EF97D01}.Tx151D|Any CPU.Build.0 = Tx151D|Any CPU
		{9868C446-D88A-4DB0-A0FC-23DE5EF97D01}.Tx151D|x64.ActiveCfg = Tx151D|x64
		{9868C446-D88A-4DB0-A0FC-23DE5EF97D01}.Tx151D|x64.Build.0 = Tx151D|x64
		{9868C446-D88A-4DB0-A0FC-23DE5EF97D01}.Tx151R|Any CPU.ActiveCfg = Tx151R|Any CPU
		{9868C446-D88A-4DB0-A0FC-23DE5EF97D01}.Tx151R|Any CPU.Build.0 = Tx151R|Any CPU
		{9868C446-D88A-4DB0-A0FC-23DE5EF97D01}.Tx151R|x64.ActiveCfg = Tx151R|x64
		{9868C446-D88A-4DB0-A0FC-23DE5EF97D01}.Tx151R|x64.Build.0 = Tx151R|x64
		{9868C446-D88A-4DB0-A0FC-23DE5EF97D01}.Tx160D|Any CPU.ActiveCfg = Tx160D|Any CPU
		{9868C446-D88A-4DB0-A0FC-23DE5EF97D01}.Tx160D|Any CPU.Build.0 = Tx160D|Any CPU
		{9868C446-D88A-4DB0-A0FC-23DE5EF97D01}.Tx160D|x64.ActiveCfg = Tx160D|x64
		{9868C446-D88A-4DB0-A0FC-23DE5EF97D01}.Tx160D|x64.Build.0 = Tx160D|x64
		{9868C446-D88A-4DB0-A0FC-23DE5EF97D01}.Tx160R|Any CPU.ActiveCfg = Tx160R|Any CPU
		{9868C446-D88A-4DB0-A0FC-23DE5EF97D01}.Tx160R|Any CPU.Build.0 = Tx160R|Any CPU
		{9868C446-D88A-4DB0-A0FC-23DE5EF97D01}.Tx160R|x64.ActiveCfg = Tx160R|x64
		{9868C446-D88A-4DB0-A0FC-23DE5EF97D01}.Tx160R|x64.Build.0 = Tx160R|x64
		{9868C446-D88A-4DB0-A0FC-23DE5EF97D01}.Tx161D|Any CPU.ActiveCfg = Tx161D|Any CPU
		{9868C446-D88A-4DB0-A0FC-23DE5EF97D01}.Tx161D|Any CPU.Build.0 = Tx161D|Any CPU
		{9868C446-D88A-4DB0-A0FC-23DE5EF97D01}.Tx161D|x64.ActiveCfg = Tx161D|x64
		{9868C446-D88A-4DB0-A0FC-23DE5EF97D01}.Tx161D|x64.Build.0 = Tx161D|x64
		{9868C446-D88A-4DB0-A0FC-23DE5EF97D01}.Tx161R|Any CPU.ActiveCfg = Tx161R|Any CPU
		{9868C446-D88A-4DB0-A0FC-23DE5EF97D01}.Tx161R|Any CPU.Build.0 = Tx161R|Any CPU
		{9868C446-D88A-4DB0-A0FC-23DE5EF97D01}.Tx161R|x64.ActiveCfg = Tx161R|x64
		{9868C446-D88A-4DB0-A0FC-23DE5EF97D01}.Tx161R|x64.Build.0 = Tx161R|x64
		{9868C446-D88A-4DB0-A0FC-23DE5EF97D01}.Tx170D|Any CPU.ActiveCfg = Tx170D|Any CPU
		{9868C446-D88A-4DB0-A0FC-23DE5EF97D01}.Tx170D|Any CPU.Build.0 = Tx170D|Any CPU
		{9868C446-D88A-4DB0-A0FC-23DE5EF97D01}.Tx170D|x64.ActiveCfg = Tx170D|x64
		{9868C446-D88A-4DB0-A0FC-23DE5EF97D01}.Tx170D|x64.Build.0 = Tx170D|x64
		{9868C446-D88A-4DB0-A0FC-23DE5EF97D01}.Tx170R|Any CPU.ActiveCfg = Tx170R|Any CPU
		{9868C446-D88A-4DB0-A0FC-23DE5EF97D01}.Tx170R|Any CPU.Build.0 = Tx170R|Any CPU
		{9868C446-D88A-4DB0-A0FC-23DE5EF97D01}.Tx170R|x64.ActiveCfg = Tx170R|x64
		{9868C446-D88A-4DB0-A0FC-23DE5EF97D01}.Tx170R|x64.Build.0 = Tx170R|x64
		{2B0C7D94-5390-4573-8A0A-94D05B40F368}.Tx150D|Any CPU.ActiveCfg = Tx150D|Any CPU
		{2B0C7D94-5390-4573-8A0A-94D05B40F368}.Tx150D|Any CPU.Build.0 = Tx150D|Any CPU
		{2B0C7D94-5390-4573-8A0A-94D05B40F368}.Tx150D|x64.ActiveCfg = Tx150D|x64
		{2B0C7D94-5390-4573-8A0A-94D05B40F368}.Tx150D|x64.Build.0 = Tx150D|x64
		{2B0C7D94-5390-4573-8A0A-94D05B40F368}.Tx150R|Any CPU.ActiveCfg = Tx150R|Any CPU
		{2B0C7D94-5390-4573-8A0A-94D05B40F368}.Tx150R|Any CPU.Build.0 = Tx150R|Any CPU
		{2B0C7D94-5390-4573-8A0A-94D05B40F368}.Tx150R|x64.ActiveCfg = Tx150R|x64
		{2B0C7D94-5390-4573-8A0A-94D05B40F368}.Tx150R|x64.Build.0 = Tx150R|x64
		{2B0C7D94-5390-4573-8A0A-94D05B40F368}.Tx151D|Any CPU.ActiveCfg = Tx151D|Any CPU
		{2B0C7D94-5390-4573-8A0A-94D05B40F368}.Tx151D|Any CPU.Build.0 = Tx151D|Any CPU
		{2B0C7D94-5390-4573-8A0A-94D05B40F368}.Tx151D|x64.ActiveCfg = Tx151D|x64
		{2B0C7D94-5390-4573-8A0A-94D05B40F368}.Tx151D|x64.Build.0 = Tx151D|x64
		{2B0C7D94-5390-4573-8A0A-94D05B40F368}.Tx151R|Any CPU.ActiveCfg = Tx151R|Any CPU
		{2B0C7D94-5390-4573-8A0A-94D05B40F368}.Tx151R|Any CPU.Build.0 = Tx151R|Any CPU
		{2B0C7D94-5390-4573-8A0A-94D05B40F368}.Tx151R|x64.ActiveCfg = Tx151R|x64
		{2B0C7D94-5390-4573-8A0A-94D05B40F368}.Tx151R|x64.Build.0 = Tx151R|x64
		{2B0C7D94-5390-4573-8A0A-94D05B40F368}.Tx160D|Any CPU.ActiveCfg = Tx160D|Any CPU
		{2B0C7D94-5390-4573-8A0A-94D05B40F368}.Tx160D|Any CPU.Build.0 = Tx160D|Any CPU
		{2B0C7D94-5390-4573-8A0A-94D05B40F368}.Tx160D|x64.ActiveCfg = Tx160D|x64
		{2B0C7D94-5390-4573-8A0A-94D05B40F368}.Tx160D|x64.Build.0 = Tx160D|x64
		{2B0C7D94-5390-4573-8A0A-94D05B40F368}.Tx160R|Any CPU.ActiveCfg = Tx160R|Any CPU
		{2B0C7D94-5390-4573-8A0A-94D05B40F368}.Tx160R|Any CPU.Build.0 = Tx160R|Any CPU
		{2B0C7D94-5390-4573-8A0A-94D05B40F368}.Tx160R|x64.ActiveCfg = Tx160R|x64
		{2B0C7D94-5390-4573-8A0A-94D05B40F368}.Tx160R|x64.Build.0 = Tx160R|x64
		{2B0C7D94-5390-4573-8A0A-94D05B40F368}.Tx161D|Any CPU.ActiveCfg = Tx161D|Any CPU
		{2B0C7D94-5390-4573-8A0A-94D05B40F368}.Tx161D|Any CPU.Build.0 = Tx161D|Any CPU
		{2B0C7D94-5390-4573-8A0A-94D05B40F368}.Tx161D|x64.ActiveCfg = Tx161D|x64
		{2B0C7D94-5390-4573-8A0A-94D05B40F368}.Tx161D|x64.Build.0 = Tx161D|x64
		{2B0C7D94-5390-4573-8A0A-94D05B40F368}.Tx161R|Any CPU.ActiveCfg = Tx161R|Any CPU
		{2B0C7D94-5390-4573-8A0A-94D05B40F368}.Tx161R|Any CPU.Build.0 = Tx161R|Any CPU
		{2B0C7D94-5390-4573-8A0A-94D05B40F368}.Tx161R|x64.ActiveCfg = Tx161R|x64
		{2B0C7D94-5390-4573-8A0A-94D05B40F368}.Tx161R|x64.Build.0 = Tx161R|x64
		{2B0C7D94-5390-4573-8A0A-94D05B40F368}.Tx170D|Any CPU.ActiveCfg = Tx170D|Any CPU
		{2B0C7D94-5390-4573-8A0A-94D05B40F368}.Tx170D|Any CPU.Build.0 = Tx170D|Any CPU
		{2B0C7D94-5390-4573-8A0A-94D05B40F368}.Tx170D|x64.ActiveCfg = Tx170D|x64
		{2B0C7D94-5390-4573-8A0A-94D05B40F368}.Tx170D|x64.Build.0 = Tx170D|x64
		{2B0C7D94-5390-4573-8A0A-94D05B40F368}.Tx170R|Any CPU.ActiveCfg = Tx170R|Any CPU
		{2B0C7D94-5390-4573-8A0A-94D05B40F368}.Tx170R|Any CPU.Build.0 = Tx170R|Any CPU
		{2B0C7D94-5390-4573-8A0A-94D05B40F368}.Tx170R|x64.ActiveCfg = Tx170R|x64
		{2B0C7D94-5390-4573-8A0A-94D05B40F368}.Tx170R|x64.Build.0 = Tx170R|x64
		{C4690DCD-1B21-440C-B912-09334126968D}.Tx150D|Any CPU.ActiveCfg = Tx150D|Any CPU
		{C4690DCD-1B21-440C-B912-09334126968D}.Tx150D|Any CPU.Build.0 = Tx150D|Any CPU
		{C4690DCD-1B21-440C-B912-09334126968D}.Tx150D|x64.ActiveCfg = Tx150D|x64
		{C4690DCD-1B21-440C-B912-09334126968D}.Tx150D|x64.Build.0 = Tx150D|x64
		{C4690DCD-1B21-440C-B912-09334126968D}.Tx150R|Any CPU.ActiveCfg = Tx150R|Any CPU
		{C4690DCD-1B21-440C-B912-09334126968D}.Tx150R|Any CPU.Build.0 = Tx150R|Any CPU
		{C4690DCD-1B21-440C-B912-09334126968D}.Tx150R|x64.ActiveCfg = Tx150R|x64
		{C4690DCD-1B21-440C-B912-09334126968D}.Tx150R|x64.Build.0 = Tx150R|x64
		{C4690DCD-1B21-440C-B912-09334126968D}.Tx151D|Any CPU.ActiveCfg = Tx151D|Any CPU
		{C4690DCD-1B21-440C-B912-09334126968D}.Tx151D|Any CPU.Build.0 = Tx151D|Any CPU
		{C4690DCD-1B21-440C-B912-09334126968D}.Tx151D|x64.ActiveCfg = Tx151D|x64
		{C4690DCD-1B21-440C-B912-09334126968D}.Tx151D|x64.Build.0 = Tx151D|x64
		{C4690DCD-1B21-440C-B912-09334126968D}.Tx151R|Any CPU.ActiveCfg = Tx151R|Any CPU
		{C4690DCD-1B21-440C-B912-09334126968D}.Tx151R|Any CPU.Build.0 = Tx151R|Any CPU
		{C4690DCD-1B21-440C-B912-09334126968D}.Tx151R|x64.ActiveCfg = Tx151R|x64
		{C4690DCD-1B21-440C-B912-09334126968D}.Tx151R|x64.Build.0 = Tx151R|x64
		{C4690DCD-1B21-440C-B912-09334126968D}.Tx160D|Any CPU.ActiveCfg = Tx160D|Any CPU
		{C4690DCD-1B21-440C-B912-09334126968D}.Tx160D|Any CPU.Build.0 = Tx160D|Any CPU
		{C4690DCD-1B21-440C-B912-09334126968D}.Tx160D|x64.ActiveCfg = Tx160D|x64
		{C4690DCD-1B21-440C-B912-09334126968D}.Tx160D|x64.Build.0 = Tx160D|x64
		{C4690DCD-1B21-440C-B912-09334126968D}.Tx160R|Any CPU.ActiveCfg = Tx160R|Any CPU
		{C4690DCD-1B21-440C-B912-09334126968D}.Tx160R|Any CPU.Build.0 = Tx160R|Any CPU
		{C4690DCD-1B21-440C-B912-09334126968D}.Tx160R|x64.ActiveCfg = Tx160R|x64
		{C4690DCD-1B21-440C-B912-09334126968D}.Tx160R|x64.Build.0 = Tx160R|x64
		{C4690DCD-1B21-440C-B912-09334126968D}.Tx161D|Any CPU.ActiveCfg = Tx161D|Any CPU
		{C4690DCD-1B21-440C-B912-09334126968D}.Tx161D|Any CPU.Build.0 = Tx161D|Any CPU
		{C4690DCD-1B21-440C-B912-09334126968D}.Tx161D|x64.ActiveCfg = Tx161D|x64
		{C4690DCD-1B21-440C-B912-09334126968D}.Tx161D|x64.Build.0 = Tx161D|x64
		{C4690DCD-1B21-440C-B912-09334126968D}.Tx161R|Any CPU.ActiveCfg = Tx161R|Any CPU
		{C4690DCD-1B21-440C-B912-09334126968D}.Tx161R|Any CPU.Build.0 = Tx161R|Any CPU
		{C4690DCD-1B21-440C-B912-09334126968D}.Tx161R|x64.ActiveCfg = Tx161R|x64
		{C4690DCD-1B21-440C-B912-09334126968D}.Tx161R|x64.Build.0 = Tx161R|x64
		{C4690DCD-1B21-440C-B912-09334126968D}.Tx170D|Any CPU.ActiveCfg = Tx170D|Any CPU
		{C4690DCD-1B21-440C-B912-09334126968D}.Tx170D|Any CPU.Build.0 = Tx170D|Any CPU
		{C4690DCD-1B21-440C-B912-09334126968D}.Tx170D|x64.ActiveCfg = Tx170D|x64
		{C4690DCD-1B21-440C-B912-09334126968D}.Tx170D|x64.Build.0 = Tx170D|x64
		{C4690DCD-1B21-440C-B912-09334126968D}.Tx170R|Any CPU.ActiveCfg = Tx170R|Any CPU
		{C4690DCD-1B21-440C-B912-09334126968D}.Tx170R|Any CPU.Build.0 = Tx170R|Any CPU
		{C4690DCD-1B21-440C-B912-09334126968D}.Tx170R|x64.ActiveCfg = Tx170R|x64
		{C4690DCD-1B21-440C-B912-09334126968D}.Tx170R|x64.Build.0 = Tx170R|x64
		{BACD2D07-064A-4C39-BD77-838F4F5A7585}.Tx150D|Any CPU.ActiveCfg = Tx150D|Any CPU
		{BACD2D07-064A-4C39-BD77-838F4F5A7585}.Tx150D|Any CPU.Build.0 = Tx150D|Any CPU
		{BACD2D07-064A-4C39-BD77-838F4F5A7585}.Tx150D|x64.ActiveCfg = Tx150D|x64
		{BACD2D07-064A-4C39-BD77-838F4F5A7585}.Tx150D|x64.Build.0 = Tx150D|x64
		{BACD2D07-064A-4C39-BD77-838F4F5A7585}.Tx150R|Any CPU.ActiveCfg = Tx150R|Any CPU
		{BACD2D07-064A-4C39-BD77-838F4F5A7585}.Tx150R|Any CPU.Build.0 = Tx150R|Any CPU
		{BACD2D07-064A-4C39-BD77-838F4F5A7585}.Tx150R|x64.ActiveCfg = Tx150R|x64
		{BACD2D07-064A-4C39-BD77-838F4F5A7585}.Tx150R|x64.Build.0 = Tx150R|x64
		{BACD2D07-064A-4C39-BD77-838F4F5A7585}.Tx151D|Any CPU.ActiveCfg = Tx151D|Any CPU
		{BACD2D07-064A-4C39-BD77-838F4F5A7585}.Tx151D|Any CPU.Build.0 = Tx151D|Any CPU
		{BACD2D07-064A-4C39-BD77-838F4F5A7585}.Tx151D|x64.ActiveCfg = Tx151D|x64
		{BACD2D07-064A-4C39-BD77-838F4F5A7585}.Tx151D|x64.Build.0 = Tx151D|x64
		{BACD2D07-064A-4C39-BD77-838F4F5A7585}.Tx151R|Any CPU.ActiveCfg = Tx151R|Any CPU
		{BACD2D07-064A-4C39-BD77-838F4F5A7585}.Tx151R|Any CPU.Build.0 = Tx151R|Any CPU
		{BACD2D07-064A-4C39-BD77-838F4F5A7585}.Tx151R|x64.ActiveCfg = Tx151R|x64
		{BACD2D07-064A-4C39-BD77-838F4F5A7585}.Tx151R|x64.Build.0 = Tx151R|x64
		{BACD2D07-064A-4C39-BD77-838F4F5A7585}.Tx160D|Any CPU.ActiveCfg = Tx160D|Any CPU
		{BACD2D07-064A-4C39-BD77-838F4F5A7585}.Tx160D|Any CPU.Build.0 = Tx160D|Any CPU
		{BACD2D07-064A-4C39-BD77-838F4F5A7585}.Tx160D|x64.ActiveCfg = Tx160D|x64
		{BACD2D07-064A-4C39-BD77-838F4F5A7585}.Tx160D|x64.Build.0 = Tx160D|x64
		{BACD2D07-064A-4C39-BD77-838F4F5A7585}.Tx160R|Any CPU.ActiveCfg = Tx160R|Any CPU
		{BACD2D07-064A-4C39-BD77-838F4F5A7585}.Tx160R|Any CPU.Build.0 = Tx160R|Any CPU
		{BACD2D07-064A-4C39-BD77-838F4F5A7585}.Tx160R|x64.ActiveCfg = Tx160R|x64
		{BACD2D07-064A-4C39-BD77-838F4F5A7585}.Tx160R|x64.Build.0 = Tx160R|x64
		{BACD2D07-064A-4C39-BD77-838F4F5A7585}.Tx161D|Any CPU.ActiveCfg = Tx161D|Any CPU
		{BACD2D07-064A-4C39-BD77-838F4F5A7585}.Tx161D|Any CPU.Build.0 = Tx161D|Any CPU
		{BACD2D07-064A-4C39-BD77-838F4F5A7585}.Tx161D|x64.ActiveCfg = Tx161D|x64
		{BACD2D07-064A-4C39-BD77-838F4F5A7585}.Tx161D|x64.Build.0 = Tx161D|x64
		{BACD2D07-064A-4C39-BD77-838F4F5A7585}.Tx161R|Any CPU.ActiveCfg = Tx161R|Any CPU
		{BACD2D07-064A-4C39-BD77-838F4F5A7585}.Tx161R|Any CPU.Build.0 = Tx161R|Any CPU
		{BACD2D07-064A-4C39-BD77-838F4F5A7585}.Tx161R|x64.ActiveCfg = Tx161R|x64
		{BACD2D07-064A-4C39-BD77-838F4F5A7585}.Tx161R|x64.Build.0 = Tx161R|x64
		{BACD2D07-064A-4C39-BD77-838F4F5A7585}.Tx170D|Any CPU.ActiveCfg = Tx170D|Any CPU
		{BACD2D07-064A-4C39-BD77-838F4F5A7585}.Tx170D|Any CPU.Build.0 = Tx170D|Any CPU
		{BACD2D07-064A-4C39-BD77-838F4F5A7585}.Tx170D|x64.ActiveCfg = Tx170D|x64
		{BACD2D07-064A-4C39-BD77-838F4F5A7585}.Tx170D|x64.Build.0 = Tx170D|x64
		{BACD2D07-064A-4C39-BD77-838F4F5A7585}.Tx170R|Any CPU.ActiveCfg = Tx170R|Any CPU
		{BACD2D07-064A-4C39-BD77-838F4F5A7585}.Tx170R|Any CPU.Build.0 = Tx170R|Any CPU
		{BACD2D07-064A-4C39-BD77-838F4F5A7585}.Tx170R|x64.ActiveCfg = Tx170R|x64
		{BACD2D07-064A-4C39-BD77-838F4F5A7585}.Tx170R|x64.Build.0 = Tx170R|x64
	EndGlobalSection
	GlobalSection(SolutionProperties) = preSolution
		HideSolutionNode = FALSE
	EndGlobalSection
	GlobalSection(ExtensibilityGlobals) = postSolution
		SolutionGuid = {DBF79BE1-C938-43A7-BAEC-23AEAD8A8AF7}
	EndGlobalSection
EndGlobal
